# This file is autogenerated, do not edit; changes may be undone by the next 'dep ensure'.


[[projects]]
  name = "github.com/go-redis/redis"
  packages = [".","internal","internal/consistenthash","internal/hashtag","internal/pool","internal/proto","internal/singleflight","internal/util"]
  revision = "1614e579ed966441b8e0c3ccea1dd0fbbd93a6ae"
  version = "v6.14.0"

[[projects]]
  branch = "master"
  name = "github.com/my0sot1s/tinker"
  packages = ["utils"]
  revision = "854b90d18c5623914d793f0388de73765740917a"

[solve-meta]
  analyzer-name = "dep"
  analyzer-version = 1
  inputs-digest = "4580be9240953c60f95257c3625df3c0e4528e7b9bb2f7fef959240fb81d6904"
  solver-name = "gps-cdcl"
  solver-version = 1
